
Microsoft Visual Studio Solution File, Format Version 12.00
# Visual Studio Version 16
VisualStudioVersion = 16.0.30503.244
MinimumVisualStudioVersion = 10.0.40219.1
Project("{888888A0-9F3D-457C-B088-3A5042F75D52}") = "PicturePuzzle1", "PicturePuzzle1.pyproj", "{BDB0F95A-AA37-4333-8281-20D01BDD195F}"
EndProject
Global
	GlobalSection(SolutionConfigurationPlatforms) = preSolution
		Debug|Any CPU = Debug|Any CPU
		Release|Any CPU = Release|Any CPU
	EndGlobalSection
	GlobalSection(ProjectConfigurationPlatforms) = postSolution
		{BDB0F95A-AA37-4333-8281-20D01BDD195F}.Debug|Any CPU.ActiveCfg = Debug|Any CPU
		{BDB0F95A-AA37-4333-8281-20D01BDD195F}.Release|Any CPU.ActiveCfg = Release|Any CPU
	EndGlobalSection
	GlobalSection(SolutionProperties) = preSolution
		HideSolutionNode = FALSE
	EndGlobalSection
	GlobalSection(ExtensibilityGlobals) = postSolution
		SolutionGuid = {E5D2D26B-E892-4D99-A3C0-B9F260999DCA}
	EndGlobalSection
EndGlobal
